
Microsoft Visual Studio Solution File, Format Version 12.00
# Visual Studio 15
VisualStudioVersion = 15.0.27130.2036
MinimumVisualStudioVersion = 10.0.40219.1
Project("{9A19103F-16F7-4668-BE54-9A1E7A4F7556}") = "BibleReaderConsole", "BibleReaderConsole\BibleReaderConsole.csproj", "{65E3CA98-D070-4657-8129-30EAB841BACE}"
EndProject
Project("{9A19103F-16F7-4668-BE54-9A1E7A4F7556}") = "BibleManager", "BibleManager\BibleManager.csproj", "{11AD22F9-A1CA-4382-84C0-C8ED6BF63915}"
EndProject
Project("{9A19103F-16F7-4668-BE54-9A1E7A4F7556}") = "zlib", "zlib\zlib.csproj", "{94883F21-3865-4E2E-94B9-9D49F61E20B8}"
EndProject
Project("{9A19103F-16F7-4668-BE54-9A1E7A4F7556}") = "Sword", "Sword\Sword.csproj", "{5FDA8528-FEF4-4730-A5A1-C23925A120A3}"
EndProject
Project("{9A19103F-16F7-4668-BE54-9A1E7A4F7556}") = "BibleParser", "BibleParser\BibleParser.csproj", "{F1E93EE5-489D-4CFD-843F-5E9AFA3B6A02}"
EndProject
Project("{9A19103F-16F7-4668-BE54-9A1E7A4F7556}") = "BibleLoader", "BibleLoader\BibleLoader.csproj", "{6A02A838-326F-4461-8F54-282C252DD28D}"
EndProject
Global
	GlobalSection(SolutionConfigurationPlatforms) = preSolution
		Debug|Any CPU = Debug|Any CPU
		Debug|ARM = Debug|ARM
		Debug|x64 = Debug|x64
		Debug|x86 = Debug|x86
		Release|Any CPU = Release|Any CPU
		Release|ARM = Release|ARM
		Release|x64 = Release|x64
		Release|x86 = Release|x86
	EndGlobalSection
	GlobalSection(ProjectConfigurationPlatforms) = postSolution
		{65E3CA98-D070-4657-8129-30EAB841BACE}.Debug|Any CPU.ActiveCfg = Debug|Any CPU
		{65E3CA98-D070-4657-8129-30EAB841BACE}.Debug|Any CPU.Build.0 = Debug|Any CPU
		{65E3CA98-D070-4657-8129-30EAB841BACE}.Debug|ARM.ActiveCfg = Debug|Any CPU
		{65E3CA98-D070-4657-8129-30EAB841BACE}.Debug|ARM.Build.0 = Debug|Any CPU
		{65E3CA98-D070-4657-8129-30EAB841BACE}.Debug|x64.ActiveCfg = Debug|Any CPU
		{65E3CA98-D070-4657-8129-30EAB841BACE}.Debug|x64.Build.0 = Debug|Any CPU
		{65E3CA98-D070-4657-8129-30EAB841BACE}.Debug|x86.ActiveCfg = Debug|Any CPU
		{65E3CA98-D070-4657-8129-30EAB841BACE}.Debug|x86.Build.0 = Debug|Any CPU
		{65E3CA98-D070-4657-8129-30EAB841BACE}.Release|Any CPU.ActiveCfg = Release|Any CPU
		{65E3CA98-D070-4657-8129-30EAB841BACE}.Release|Any CPU.Build.0 = Release|Any CPU
		{65E3CA98-D070-4657-8129-30EAB841BACE}.Release|ARM.ActiveCfg = Release|Any CPU
		{65E3CA98-D070-4657-8129-30EAB841BACE}.Release|ARM.Build.0 = Release|Any CPU
		{65E3CA98-D070-4657-8129-30EAB841BACE}.Release|x64.ActiveCfg = Release|Any CPU
		{65E3CA98-D070-4657-8129-30EAB841BACE}.Release|x64.Build.0 = Release|Any CPU
		{65E3CA98-D070-4657-8129-30EAB841BACE}.Release|x86.ActiveCfg = Release|Any CPU
		{65E3CA98-D070-4657-8129-30EAB841BACE}.Release|x86.Build.0 = Release|Any CPU
		{11AD22F9-A1CA-4382-84C0-C8ED6BF63915}.Debug|Any CPU.ActiveCfg = Debug|Any CPU
		{11AD22F9-A1CA-4382-84C0-C8ED6BF63915}.Debug|Any CPU.Build.0 = Debug|Any CPU
		{11AD22F9-A1CA-4382-84C0-C8ED6BF63915}.Debug|ARM.ActiveCfg = Debug|Any CPU
		{11AD22F9-A1CA-4382-84C0-C8ED6BF63915}.Debug|ARM.Build.0 = Debug|Any CPU
		{11AD22F9-A1CA-4382-84C0-C8ED6BF63915}.Debug|x64.ActiveCfg = Debug|Any CPU
		{11AD22F9-A1CA-4382-84C0-C8ED6BF63915}.Debug|x64.Build.0 = Debug|Any CPU
		{11AD22F9-A1CA-4382-84C0-C8ED6BF63915}.Debug|x86.ActiveCfg = Debug|Any CPU
		{11AD22F9-A1CA-4382-84C0-C8ED6BF63915}.Debug|x86.Build.0 = Debug|Any CPU
		{11AD22F9-A1CA-4382-84C0-C8ED6BF63915}.Release|Any CPU.ActiveCfg = Release|Any CPU
		{11AD22F9-A1CA-4382-84C0-C8ED6BF63915}.Release|Any CPU.Build.0 = Release|Any CPU
		{11AD22F9-A1CA-4382-84C0-C8ED6BF63915}.Release|ARM.ActiveCfg = Release|Any CPU
		{11AD22F9-A1CA-4382-84C0-C8ED6BF63915}.Release|ARM.Build.0 = Release|Any CPU
		{11AD22F9-A1CA-4382-84C0-C8ED6BF63915}.Release|x64.ActiveCfg = Release|Any CPU
		{11AD22F9-A1CA-4382-84C0-C8ED6BF63915}.Release|x64.Build.0 = Release|Any CPU
		{11AD22F9-A1CA-4382-84C0-C8ED6BF63915}.Release|x86.ActiveCfg = Release|Any CPU
		{11AD22F9-A1CA-4382-84C0-C8ED6BF63915}.Release|x86.Build.0 = Release|Any CPU
		{94883F21-3865-4E2E-94B9-9D49F61E20B8}.Debug|Any CPU.ActiveCfg = Debug|Any CPU
		{94883F21-3865-4E2E-94B9-9D49F61E20B8}.Debug|Any CPU.Build.0 = Debug|Any CPU
		{94883F21-3865-4E2E-94B9-9D49F61E20B8}.Debug|ARM.ActiveCfg = Debug|Any CPU
		{94883F21-3865-4E2E-94B9-9D49F61E20B8}.Debug|ARM.Build.0 = Debug|Any CPU
		{94883F21-3865-4E2E-94B9-9D49F61E20B8}.Debug|x64.ActiveCfg = Debug|Any CPU
		{94883F21-3865-4E2E-94B9-9D49F61E20B8}.Debug|x64.Build.0 = Debug|Any CPU
		{94883F21-3865-4E2E-94B9-9D49F61E20B8}.Debug|x86.ActiveCfg = Debug|Any CPU
		{94883F21-3865-4E2E-94B9-9D49F61E20B8}.Debug|x86.Build.0 = Debug|Any CPU
		{94883F21-3865-4E2E-94B9-9D49F61E20B8}.Release|Any CPU.ActiveCfg = Release|Any CPU
		{94883F21-3865-4E2E-94B9-9D49F61E20B8}.Release|Any CPU.Build.0 = Release|Any CPU
		{94883F21-3865-4E2E-94B9-9D49F61E20B8}.Release|ARM.ActiveCfg = Release|Any CPU
		{94883F21-3865-4E2E-94B9-9D49F61E20B8}.Release|ARM.Build.0 = Release|Any CPU
		{94883F21-3865-4E2E-94B9-9D49F61E20B8}.Release|x64.ActiveCfg = Release|Any CPU
		{94883F21-3865-4E2E-94B9-9D49F61E20B8}.Release|x64.Build.0 = Release|Any CPU
		{94883F21-3865-4E2E-94B9-9D49F61E20B8}.Release|x86.ActiveCfg = Release|Any CPU
		{94883F21-3865-4E2E-94B9-9D49F61E20B8}.Release|x86.Build.0 = Release|Any CPU
		{5FDA8528-FEF4-4730-A5A1-C23925A120A3}.Debug|Any CPU.ActiveCfg = Debug|Any CPU
		{5FDA8528-FEF4-4730-A5A1-C23925A120A3}.Debug|Any CPU.Build.0 = Debug|Any CPU
		{5FDA8528-FEF4-4730-A5A1-C23925A120A3}.Debug|ARM.ActiveCfg = Debug|Any CPU
		{5FDA8528-FEF4-4730-A5A1-C23925A120A3}.Debug|ARM.Build.0 = Debug|Any CPU
		{5FDA8528-FEF4-4730-A5A1-C23925A120A3}.Debug|x64.ActiveCfg = Debug|Any CPU
		{5FDA8528-FEF4-4730-A5A1-C23925A120A3}.Debug|x64.Build.0 = Debug|Any CPU
		{5FDA8528-FEF4-4730-A5A1-C23925A120A3}.Debug|x86.ActiveCfg = Debug|Any CPU
		{5FDA8528-FEF4-4730-A5A1-C23925A120A3}.Debug|x86.Build.0 = Debug|Any CPU
		{5FDA8528-FEF4-4730-A5A1-C23925A120A3}.Release|Any CPU.ActiveCfg = Release|Any CPU
		{5FDA8528-FEF4-4730-A5A1-C23925A120A3}.Release|Any CPU.Build.0 = Release|Any CPU
		{5FDA8528-FEF4-4730-A5A1-C23925A120A3}.Release|ARM.ActiveCfg = Release|Any CPU
		{5FDA8528-FEF4-4730-A5A1-C23925A120A3}.Release|ARM.Build.0 = Release|Any CPU
		{5FDA8528-FEF4-4730-A5A1-C23925A120A3}.Release|x64.ActiveCfg = Release|Any CPU
		{5FDA8528-FEF4-4730-A5A1-C23925A120A3}.Release|x64.Build.0 = Release|Any CPU
		{5FDA8528-FEF4-4730-A5A1-C23925A120A3}.Release|x86.ActiveCfg = Release|Any CPU
		{5FDA8528-FEF4-4730-A5A1-C23925A120A3}.Release|x86.Build.0 = Release|Any CPU
		{F1E93EE5-489D-4CFD-843F-5E9AFA3B6A02}.Debug|Any CPU.ActiveCfg = Debug|Any CPU
		{F1E93EE5-489D-4CFD-843F-5E9AFA3B6A02}.Debug|Any CPU.Build.0 = Debug|Any CPU
		{F1E93EE5-489D-4CFD-843F-5E9AFA3B6A02}.Debug|ARM.ActiveCfg = Debug|Any CPU
		{F1E93EE5-489D-4CFD-843F-5E9AFA3B6A02}.Debug|ARM.Build.0 = Debug|Any CPU
		{F1E93EE5-489D-4CFD-843F-5E9AFA3B6A02}.Debug|x64.ActiveCfg = Debug|Any CPU
		{F1E93EE5-489D-4CFD-843F-5E9AFA3B6A02}.Debug|x64.Build.0 = Debug|Any CPU
		{F1E93EE5-489D-4CFD-843F-5E9AFA3B6A02}.Debug|x86.ActiveCfg = Debug|Any CPU
		{F1E93EE5-489D-4CFD-843F-5E9AFA3B6A02}.Debug|x86.Build.0 = Debug|Any CPU
		{F1E93EE5-489D-4CFD-843F-5E9AFA3B6A02}.Release|Any CPU.ActiveCfg = Release|Any CPU
		{F1E93EE5-489D-4CFD-843F-5E9AFA3B6A02}.Release|Any CPU.Build.0 = Release|Any CPU
		{F1E93EE5-489D-4CFD-843F-5E9AFA3B6A02}.Release|ARM.ActiveCfg = Release|Any CPU
		{F1E93EE5-489D-4CFD-843F-5E9AFA3B6A02}.Release|ARM.Build.0 = Release|Any CPU
		{F1E93EE5-489D-4CFD-843F-5E9AFA3B6A02}.Release|x64.ActiveCfg = Release|Any CPU
		{F1E93EE5-489D-4CFD-843F-5E9AFA3B6A02}.Release|x64.Build.0 = Release|Any CPU
		{F1E93EE5-489D-4CFD-843F-5E9AFA3B6A02}.Release|x86.ActiveCfg = Release|Any CPU
		{F1E93EE5-489D-4CFD-843F-5E9AFA3B6A02}.Release|x86.Build.0 = Release|Any CPU
		{6A02A838-326F-4461-8F54-282C252DD28D}.Debug|Any CPU.ActiveCfg = Debug|Any CPU
		{6A02A838-326F-4461-8F54-282C252DD28D}.Debug|Any CPU.Build.0 = Debug|Any CPU
		{6A02A838-326F-4461-8F54-282C252DD28D}.Debug|ARM.ActiveCfg = Debug|Any CPU
		{6A02A838-326F-4461-8F54-282C252DD28D}.Debug|ARM.Build.0 = Debug|Any CPU
		{6A02A838-326F-4461-8F54-282C252DD28D}.Debug|x64.ActiveCfg = Debug|Any CPU
		{6A02A838-326F-4461-8F54-282C252DD28D}.Debug|x64.Build.0 = Debug|Any CPU
		{6A02A838-326F-4461-8F54-282C252DD28D}.Debug|x86.ActiveCfg = Debug|Any CPU
		{6A02A838-326F-4461-8F54-282C252DD28D}.Debug|x86.Build.0 = Debug|Any CPU
		{6A02A838-326F-4461-8F54-282C252DD28D}.Release|Any CPU.ActiveCfg = Release|Any CPU
		{6A02A838-326F-4461-8F54-282C252DD28D}.Release|Any CPU.Build.0 = Release|Any CPU
		{6A02A838-326F-4461-8F54-282C252DD28D}.Release|ARM.ActiveCfg = Release|Any CPU
		{6A02A838-326F-4461-8F54-282C252DD28D}.Release|ARM.Build.0 = Release|Any CPU
		{6A02A838-326F-4461-8F54-282C252DD28D}.Release|x64.ActiveCfg = Release|Any CPU
		{6A02A838-326F-4461-8F54-282C252DD28D}.Release|x64.Build.0 = Release|Any CPU
		{6A02A838-326F-4461-8F54-282C252DD28D}.Release|x86.ActiveCfg = Release|Any CPU
		{6A02A838-326F-4461-8F54-282C252DD28D}.Release|x86.Build.0 = Release|Any CPU
	EndGlobalSection
	GlobalSection(SolutionProperties) = preSolution
		HideSolutionNode = FALSE
	EndGlobalSection
	GlobalSection(ExtensibilityGlobals) = postSolution
		SolutionGuid = {5B6822A2-7C06-445B-9A3B-9EA10ADB54DA}
	EndGlobalSection
EndGlobal
