
Microsoft Visual Studio Solution File, Format Version 12.00
# Visual Studio 15
VisualStudioVersion = 15.0.27130.2036
MinimumVisualStudioVersion = 10.0.40219.1
Project("{FAE04EC0-301F-11D3-BF4B-00C04F79EFBC}") = "BibleDownloaderConsole", "BibleDownloaderConsole\BibleDownloaderConsole.csproj", "{9EB950BA-6567-4336-9656-B629E929BAD4}"
EndProject
Project("{FAE04EC0-301F-11D3-BF4B-00C04F79EFBC}") = "GUI", "GUI\GUI.csproj", "{987992F0-D17F-49E6-B0C1-694F21E5A0F8}"
EndProject
Project("{FAE04EC0-301F-11D3-BF4B-00C04F79EFBC}") = "Sword", "Sword\Sword.csproj", "{727F835F-97DF-4963-83AF-1AFBE8362656}"
EndProject
Project("{FAE04EC0-301F-11D3-BF4B-00C04F79EFBC}") = "zlib", "zlib\zlib.csproj", "{6DC9A5B6-4D16-4C58-8CA8-6153E0A02530}"
EndProject
Project("{FAE04EC0-301F-11D3-BF4B-00C04F79EFBC}") = "Hoot", "Hoot\Hoot.csproj", "{C7C5BDB3-B729-4B44-B236-C77C14A9C9E1}"
EndProject
Global
	GlobalSection(SolutionConfigurationPlatforms) = preSolution
		Debug|Any CPU = Debug|Any CPU
		Debug|ARM = Debug|ARM
		Debug|x64 = Debug|x64
		Debug|x86 = Debug|x86
		Release|Any CPU = Release|Any CPU
		Release|ARM = Release|ARM
		Release|x64 = Release|x64
		Release|x86 = Release|x86
	EndGlobalSection
	GlobalSection(ProjectConfigurationPlatforms) = postSolution
		{9EB950BA-6567-4336-9656-B629E929BAD4}.Debug|Any CPU.ActiveCfg = Debug|Any CPU
		{9EB950BA-6567-4336-9656-B629E929BAD4}.Debug|Any CPU.Build.0 = Debug|Any CPU
		{9EB950BA-6567-4336-9656-B629E929BAD4}.Debug|ARM.ActiveCfg = Debug|Any CPU
		{9EB950BA-6567-4336-9656-B629E929BAD4}.Debug|ARM.Build.0 = Debug|Any CPU
		{9EB950BA-6567-4336-9656-B629E929BAD4}.Debug|x64.ActiveCfg = Debug|Any CPU
		{9EB950BA-6567-4336-9656-B629E929BAD4}.Debug|x64.Build.0 = Debug|Any CPU
		{9EB950BA-6567-4336-9656-B629E929BAD4}.Debug|x86.ActiveCfg = Debug|Any CPU
		{9EB950BA-6567-4336-9656-B629E929BAD4}.Debug|x86.Build.0 = Debug|Any CPU
		{9EB950BA-6567-4336-9656-B629E929BAD4}.Release|Any CPU.ActiveCfg = Release|Any CPU
		{9EB950BA-6567-4336-9656-B629E929BAD4}.Release|Any CPU.Build.0 = Release|Any CPU
		{9EB950BA-6567-4336-9656-B629E929BAD4}.Release|ARM.ActiveCfg = Release|Any CPU
		{9EB950BA-6567-4336-9656-B629E929BAD4}.Release|ARM.Build.0 = Release|Any CPU
		{9EB950BA-6567-4336-9656-B629E929BAD4}.Release|x64.ActiveCfg = Release|Any CPU
		{9EB950BA-6567-4336-9656-B629E929BAD4}.Release|x64.Build.0 = Release|Any CPU
		{9EB950BA-6567-4336-9656-B629E929BAD4}.Release|x86.ActiveCfg = Release|Any CPU
		{9EB950BA-6567-4336-9656-B629E929BAD4}.Release|x86.Build.0 = Release|Any CPU
		{987992F0-D17F-49E6-B0C1-694F21E5A0F8}.Debug|Any CPU.ActiveCfg = Debug|x86
		{987992F0-D17F-49E6-B0C1-694F21E5A0F8}.Debug|ARM.ActiveCfg = Debug|ARM
		{987992F0-D17F-49E6-B0C1-694F21E5A0F8}.Debug|ARM.Build.0 = Debug|ARM
		{987992F0-D17F-49E6-B0C1-694F21E5A0F8}.Debug|ARM.Deploy.0 = Debug|ARM
		{987992F0-D17F-49E6-B0C1-694F21E5A0F8}.Debug|x64.ActiveCfg = Debug|x64
		{987992F0-D17F-49E6-B0C1-694F21E5A0F8}.Debug|x64.Build.0 = Debug|x64
		{987992F0-D17F-49E6-B0C1-694F21E5A0F8}.Debug|x64.Deploy.0 = Debug|x64
		{987992F0-D17F-49E6-B0C1-694F21E5A0F8}.Debug|x86.ActiveCfg = Debug|x86
		{987992F0-D17F-49E6-B0C1-694F21E5A0F8}.Debug|x86.Build.0 = Debug|x86
		{987992F0-D17F-49E6-B0C1-694F21E5A0F8}.Debug|x86.Deploy.0 = Debug|x86
		{987992F0-D17F-49E6-B0C1-694F21E5A0F8}.Release|Any CPU.ActiveCfg = Release|x86
		{987992F0-D17F-49E6-B0C1-694F21E5A0F8}.Release|ARM.ActiveCfg = Release|ARM
		{987992F0-D17F-49E6-B0C1-694F21E5A0F8}.Release|ARM.Build.0 = Release|ARM
		{987992F0-D17F-49E6-B0C1-694F21E5A0F8}.Release|ARM.Deploy.0 = Release|ARM
		{987992F0-D17F-49E6-B0C1-694F21E5A0F8}.Release|x64.ActiveCfg = Release|x64
		{987992F0-D17F-49E6-B0C1-694F21E5A0F8}.Release|x64.Build.0 = Release|x64
		{987992F0-D17F-49E6-B0C1-694F21E5A0F8}.Release|x64.Deploy.0 = Release|x64
		{987992F0-D17F-49E6-B0C1-694F21E5A0F8}.Release|x86.ActiveCfg = Release|x86
		{987992F0-D17F-49E6-B0C1-694F21E5A0F8}.Release|x86.Build.0 = Release|x86
		{987992F0-D17F-49E6-B0C1-694F21E5A0F8}.Release|x86.Deploy.0 = Release|x86
		{727F835F-97DF-4963-83AF-1AFBE8362656}.Debug|Any CPU.ActiveCfg = Debug|Any CPU
		{727F835F-97DF-4963-83AF-1AFBE8362656}.Debug|Any CPU.Build.0 = Debug|Any CPU
		{727F835F-97DF-4963-83AF-1AFBE8362656}.Debug|ARM.ActiveCfg = Debug|ARM
		{727F835F-97DF-4963-83AF-1AFBE8362656}.Debug|ARM.Build.0 = Debug|ARM
		{727F835F-97DF-4963-83AF-1AFBE8362656}.Debug|x64.ActiveCfg = Debug|x64
		{727F835F-97DF-4963-83AF-1AFBE8362656}.Debug|x64.Build.0 = Debug|x64
		{727F835F-97DF-4963-83AF-1AFBE8362656}.Debug|x86.ActiveCfg = Debug|x86
		{727F835F-97DF-4963-83AF-1AFBE8362656}.Debug|x86.Build.0 = Debug|x86
		{727F835F-97DF-4963-83AF-1AFBE8362656}.Release|Any CPU.ActiveCfg = Release|Any CPU
		{727F835F-97DF-4963-83AF-1AFBE8362656}.Release|Any CPU.Build.0 = Release|Any CPU
		{727F835F-97DF-4963-83AF-1AFBE8362656}.Release|ARM.ActiveCfg = Release|ARM
		{727F835F-97DF-4963-83AF-1AFBE8362656}.Release|ARM.Build.0 = Release|ARM
		{727F835F-97DF-4963-83AF-1AFBE8362656}.Release|x64.ActiveCfg = Release|x64
		{727F835F-97DF-4963-83AF-1AFBE8362656}.Release|x64.Build.0 = Release|x64
		{727F835F-97DF-4963-83AF-1AFBE8362656}.Release|x86.ActiveCfg = Release|x86
		{727F835F-97DF-4963-83AF-1AFBE8362656}.Release|x86.Build.0 = Release|x86
		{6DC9A5B6-4D16-4C58-8CA8-6153E0A02530}.Debug|Any CPU.ActiveCfg = Debug|Any CPU
		{6DC9A5B6-4D16-4C58-8CA8-6153E0A02530}.Debug|Any CPU.Build.0 = Debug|Any CPU
		{6DC9A5B6-4D16-4C58-8CA8-6153E0A02530}.Debug|ARM.ActiveCfg = Debug|ARM
		{6DC9A5B6-4D16-4C58-8CA8-6153E0A02530}.Debug|ARM.Build.0 = Debug|ARM
		{6DC9A5B6-4D16-4C58-8CA8-6153E0A02530}.Debug|x64.ActiveCfg = Debug|x64
		{6DC9A5B6-4D16-4C58-8CA8-6153E0A02530}.Debug|x64.Build.0 = Debug|x64
		{6DC9A5B6-4D16-4C58-8CA8-6153E0A02530}.Debug|x86.ActiveCfg = Debug|x86
		{6DC9A5B6-4D16-4C58-8CA8-6153E0A02530}.Debug|x86.Build.0 = Debug|x86
		{6DC9A5B6-4D16-4C58-8CA8-6153E0A02530}.Release|Any CPU.ActiveCfg = Release|Any CPU
		{6DC9A5B6-4D16-4C58-8CA8-6153E0A02530}.Release|Any CPU.Build.0 = Release|Any CPU
		{6DC9A5B6-4D16-4C58-8CA8-6153E0A02530}.Release|ARM.ActiveCfg = Release|ARM
		{6DC9A5B6-4D16-4C58-8CA8-6153E0A02530}.Release|ARM.Build.0 = Release|ARM
		{6DC9A5B6-4D16-4C58-8CA8-6153E0A02530}.Release|x64.ActiveCfg = Release|x64
		{6DC9A5B6-4D16-4C58-8CA8-6153E0A02530}.Release|x64.Build.0 = Release|x64
		{6DC9A5B6-4D16-4C58-8CA8-6153E0A02530}.Release|x86.ActiveCfg = Release|x86
		{6DC9A5B6-4D16-4C58-8CA8-6153E0A02530}.Release|x86.Build.0 = Release|x86
		{C7C5BDB3-B729-4B44-B236-C77C14A9C9E1}.Debug|Any CPU.ActiveCfg = Debug|Any CPU
		{C7C5BDB3-B729-4B44-B236-C77C14A9C9E1}.Debug|Any CPU.Build.0 = Debug|Any CPU
		{C7C5BDB3-B729-4B44-B236-C77C14A9C9E1}.Debug|ARM.ActiveCfg = Debug|ARM
		{C7C5BDB3-B729-4B44-B236-C77C14A9C9E1}.Debug|ARM.Build.0 = Debug|ARM
		{C7C5BDB3-B729-4B44-B236-C77C14A9C9E1}.Debug|x64.ActiveCfg = Debug|x64
		{C7C5BDB3-B729-4B44-B236-C77C14A9C9E1}.Debug|x64.Build.0 = Debug|x64
		{C7C5BDB3-B729-4B44-B236-C77C14A9C9E1}.Debug|x86.ActiveCfg = Debug|x86
		{C7C5BDB3-B729-4B44-B236-C77C14A9C9E1}.Debug|x86.Build.0 = Debug|x86
		{C7C5BDB3-B729-4B44-B236-C77C14A9C9E1}.Release|Any CPU.ActiveCfg = Release|Any CPU
		{C7C5BDB3-B729-4B44-B236-C77C14A9C9E1}.Release|Any CPU.Build.0 = Release|Any CPU
		{C7C5BDB3-B729-4B44-B236-C77C14A9C9E1}.Release|ARM.ActiveCfg = Release|ARM
		{C7C5BDB3-B729-4B44-B236-C77C14A9C9E1}.Release|ARM.Build.0 = Release|ARM
		{C7C5BDB3-B729-4B44-B236-C77C14A9C9E1}.Release|x64.ActiveCfg = Release|x64
		{C7C5BDB3-B729-4B44-B236-C77C14A9C9E1}.Release|x64.Build.0 = Release|x64
		{C7C5BDB3-B729-4B44-B236-C77C14A9C9E1}.Release|x86.ActiveCfg = Release|x86
		{C7C5BDB3-B729-4B44-B236-C77C14A9C9E1}.Release|x86.Build.0 = Release|x86
	EndGlobalSection
	GlobalSection(SolutionProperties) = preSolution
		HideSolutionNode = FALSE
	EndGlobalSection
	GlobalSection(ExtensibilityGlobals) = postSolution
		SolutionGuid = {5B6822A2-7C06-445B-9A3B-9EA10ADB54DA}
	EndGlobalSection
EndGlobal
